schema: '2.0'
stages:
  run_etl:
    cmd: python -m src.main
    deps:
    - path: src
      hash: md5
      md5: 502ea462a066dac3a223bce63c1c5dd0.dir
      size: 34467
      nfiles: 20
    outs:
    - path: data/input.csv
      hash: md5
      md5: 49d666c93e75a0a4651a6881e925fe9f
      size: 924817
    - path: data/output.parquet
      hash: md5
      md5: 305b0ef5b482e9495b8386039aabe803
      size: 209200
    - path: data/stage.csv
      hash: md5
      md5: 664c054afefca85cdc734970f9ff2ef5
      size: 1262279
    - path: logs
      hash: md5
      md5: 6b2c70b935c75e22c9d34605a9628983.dir
      size: 134
      nfiles: 1
