schema: '2.0'
stages:
  run_etl:
    cmd: python -m src.main
    deps:
    - path: src
      hash: md5
      md5: f080a351a59d3023be32d0a6bf30c612.dir
      size: 33910
      nfiles: 20
    outs:
    - path: data/input.csv
      hash: md5
      md5: ca6d36b4e50bd55c76ff88b5d8de8942
      size: 926088
    - path: data/output.parquet
      hash: md5
      md5: c13231dbc7fb4ef9edebf6bb97cc9c3a
      size: 207931
    - path: data/stage.csv
      hash: md5
      md5: a0c06df191b4d9d6a48d714987745e5f
      size: 1263733
    - path: logs
      hash: md5
      md5: 572a12de71882e0dc991221a7890b6a4.dir
      size: 134
      nfiles: 1
